
Microsoft Visual Studio Solution File, Format Version 12.00
# Visual Studio Version 16
VisualStudioVersion = 16.0.28803.352
MinimumVisualStudioVersion = 10.0.40219.1
Project("{FAE04EC0-301F-11D3-BF4B-00C04F79EFBC}") = "ExamCenterManage", "ExamCenterManage\ExamCenterManage.csproj", "{70C39600-6FED-45B0-8356-DA03E2425EED}"
EndProject
Global
	GlobalSection(SolutionConfigurationPlatforms) = preSolution
		Debug|Any CPU = Debug|Any CPU
		Release|Any CPU = Release|Any CPU
	EndGlobalSection
	GlobalSection(ProjectConfigurationPlatforms) = postSolution
		{70C39600-6FED-45B0-8356-DA03E2425EED}.Debug|Any CPU.ActiveCfg = Debug|Any CPU
		{70C39600-6FED-45B0-8356-DA03E2425EED}.Debug|Any CPU.Build.0 = Debug|Any CPU
		{70C39600-6FED-45B0-8356-DA03E2425EED}.Release|Any CPU.ActiveCfg = Release|Any CPU
		{70C39600-6FED-45B0-8356-DA03E2425EED}.Release|Any CPU.Build.0 = Release|Any CPU
	EndGlobalSection
	GlobalSection(SolutionProperties) = preSolution
		HideSolutionNode = FALSE
	EndGlobalSection
	GlobalSection(ExtensibilityGlobals) = postSolution
		SolutionGuid = {128703CC-98C7-4289-9D86-8346059FA3F3}
	EndGlobalSection
EndGlobal
